// !$*UTF8*$!
{
	archiveVersion = 1;
	classes = {
	};
	objectVersion = 56;
	objects = {

/* Begin PBXBuildFile section */
		1CBD7FE629B9092200B0B9D6 /* AppDelegate.swift in Sources */ = {isa = PBXBuildFile; fileRef = 1CBD7FE529B9092200B0B9D6 /* AppDelegate.swift */; };
		1CBD7FE829B9092200B0B9D6 /* SceneDelegate.swift in Sources */ = {isa = PBXBuildFile; fileRef = 1CBD7FE729B9092200B0B9D6 /* SceneDelegate.swift */; };
		1CBD7FEA29B9092200B0B9D6 /* MainViewController.swift in Sources */ = {isa = PBXBuildFile; fileRef = 1CBD7FE929B9092200B0B9D6 /* MainViewController.swift */; };
		1CBD7FEF29B9092500B0B9D6 /* Assets.xcassets in Resources */ = {isa = PBXBuildFile; fileRef = 1CBD7FEE29B9092500B0B9D6 /* Assets.xcassets */; };
		1CBD7FFA29B90CC500B0B9D6 /* FABView.swift in Sources */ = {isa = PBXBuildFile; fileRef = 1CBD7FF929B90CC500B0B9D6 /* FABView.swift */; };
		1CBD7FFC29B90F3400B0B9D6 /* FABStackView.swift in Sources */ = {isa = PBXBuildFile; fileRef = 1CBD7FFB29B90F3400B0B9D6 /* FABStackView.swift */; };
		1CBD7FFE29B90FA200B0B9D6 /* FABButtonView.swift in Sources */ = {isa = PBXBuildFile; fileRef = 1CBD7FFD29B90FA200B0B9D6 /* FABButtonView.swift */; };
		1CBD800029B90FBD00B0B9D6 /* FABInsetLabel.swift in Sources */ = {isa = PBXBuildFile; fileRef = 1CBD7FFF29B90FBD00B0B9D6 /* FABInsetLabel.swift */; };
		1CBD800329B9105700B0B9D6 /* FABMainButton.swift in Sources */ = {isa = PBXBuildFile; fileRef = 1CBD800229B9105700B0B9D6 /* FABMainButton.swift */; };
		1CBD800529B910B700B0B9D6 /* UIView+ext.swift in Sources */ = {isa = PBXBuildFile; fileRef = 1CBD800429B910B700B0B9D6 /* UIView+ext.swift */; };
		1CBD800729B939D400B0B9D6 /* UIViewController+ext.swift in Sources */ = {isa = PBXBuildFile; fileRef = 1CBD800629B939D400B0B9D6 /* UIViewController+ext.swift */; };
		1CBD800929B939FB00B0B9D6 /* SnackbarView.swift in Sources */ = {isa = PBXBuildFile; fileRef = 1CBD800829B939FB00B0B9D6 /* SnackbarView.swift */; };
		1CBD800B29B93A6C00B0B9D6 /* ActionButton.swift in Sources */ = {isa = PBXBuildFile; fileRef = 1CBD800A29B93A6C00B0B9D6 /* ActionButton.swift */; };
/* End PBXBuildFile section */

/* Begin PBXFileReference section */
		1CBD7FE229B9092200B0B9D6 /* FloatActionButtonApp.app */ = {isa = PBXFileReference; explicitFileType = wrapper.application; includeInIndex = 0; path = FloatActionButtonApp.app; sourceTree = BUILT_PRODUCTS_DIR; };
		1CBD7FE529B9092200B0B9D6 /* AppDelegate.swift */ = {isa = PBXFileReference; lastKnownFileType = sourcecode.swift; path = AppDelegate.swift; sourceTree = "<group>"; };
		1CBD7FE729B9092200B0B9D6 /* SceneDelegate.swift */ = {isa = PBXFileReference; lastKnownFileType = sourcecode.swift; path = SceneDelegate.swift; sourceTree = "<group>"; };
		1CBD7FE929B9092200B0B9D6 /* MainViewController.swift */ = {isa = PBXFileReference; lastKnownFileType = sourcecode.swift; path = MainViewController.swift; sourceTree = "<group>"; };
		1CBD7FEE29B9092500B0B9D6 /* Assets.xcassets */ = {isa = PBXFileReference; lastKnownFileType = folder.assetcatalog; path = Assets.xcassets; sourceTree = "<group>"; };
		1CBD7FF329B9092500B0B9D6 /* Info.plist */ = {isa = PBXFileReference; lastKnownFileType = text.plist.xml; path = Info.plist; sourceTree = "<group>"; };
		1CBD7FF929B90CC500B0B9D6 /* FABView.swift */ = {isa = PBXFileReference; lastKnownFileType = sourcecode.swift; path = FABView.swift; sourceTree = "<group>"; };
		1CBD7FFB29B90F3400B0B9D6 /* FABStackView.swift */ = {isa = PBXFileReference; lastKnownFileType = sourcecode.swift; path = FABStackView.swift; sourceTree = "<group>"; };
		1CBD7FFD29B90FA200B0B9D6 /* FABButtonView.swift */ = {isa = PBXFileReference; lastKnownFileType = sourcecode.swift; path = FABButtonView.swift; sourceTree = "<group>"; };
		1CBD7FFF29B90FBD00B0B9D6 /* FABInsetLabel.swift */ = {isa = PBXFileReference; lastKnownFileType = sourcecode.swift; path = FABInsetLabel.swift; sourceTree = "<group>"; };
		1CBD800229B9105700B0B9D6 /* FABMainButton.swift */ = {isa = PBXFileReference; lastKnownFileType = sourcecode.swift; path = FABMainButton.swift; sourceTree = "<group>"; };
		1CBD800429B910B700B0B9D6 /* UIView+ext.swift */ = {isa = PBXFileReference; lastKnownFileType = sourcecode.swift; path = "UIView+ext.swift"; sourceTree = "<group>"; };
		1CBD800629B939D400B0B9D6 /* UIViewController+ext.swift */ = {isa = PBXFileReference; lastKnownFileType = sourcecode.swift; path = "UIViewController+ext.swift"; sourceTree = "<group>"; };
		1CBD800829B939FB00B0B9D6 /* SnackbarView.swift */ = {isa = PBXFileReference; lastKnownFileType = sourcecode.swift; path = SnackbarView.swift; sourceTree = "<group>"; };
		1CBD800A29B93A6C00B0B9D6 /* ActionButton.swift */ = {isa = PBXFileReference; lastKnownFileType = sourcecode.swift; path = ActionButton.swift; sourceTree = "<group>"; };
/* End PBXFileReference section */

/* Begin PBXFrameworksBuildPhase section */
		1CBD7FDF29B9092200B0B9D6 /* Frameworks */ = {
			isa = PBXFrameworksBuildPhase;
			buildActionMask = 2147483647;
			files = (
			);
			runOnlyForDeploymentPostprocessing = 0;
		};
/* End PBXFrameworksBuildPhase section */

/* Begin PBXGroup section */
		1CBD7FD929B9092200B0B9D6 = {
			isa = PBXGroup;
			children = (
				1CBD7FE429B9092200B0B9D6 /* FloatActionButtonApp */,
				1CBD7FE329B9092200B0B9D6 /* Products */,
			);
			sourceTree = "<group>";
		};
		1CBD7FE329B9092200B0B9D6 /* Products */ = {
			isa = PBXGroup;
			children = (
				1CBD7FE229B9092200B0B9D6 /* FloatActionButtonApp.app */,
			);
			name = Products;
			sourceTree = "<group>";
		};
		1CBD7FE429B9092200B0B9D6 /* FloatActionButtonApp */ = {
			isa = PBXGroup;
			children = (
				1CBD7FE529B9092200B0B9D6 /* AppDelegate.swift */,
				1CBD7FE729B9092200B0B9D6 /* SceneDelegate.swift */,
				1CBD7FE929B9092200B0B9D6 /* MainViewController.swift */,
				1CBD800129B90FDF00B0B9D6 /* Floating Action Button */,
				1CBD800429B910B700B0B9D6 /* UIView+ext.swift */,
				1CBD800629B939D400B0B9D6 /* UIViewController+ext.swift */,
				1CBD800C29B93A7000B0B9D6 /* HelperViews */,
				1CBD7FEE29B9092500B0B9D6 /* Assets.xcassets */,
				1CBD7FF329B9092500B0B9D6 /* Info.plist */,
			);
			path = FloatActionButtonApp;
			sourceTree = "<group>";
		};
		1CBD800129B90FDF00B0B9D6 /* Floating Action Button */ = {
			isa = PBXGroup;
			children = (
				1CBD7FF929B90CC500B0B9D6 /* FABView.swift */,
				1CBD7FFB29B90F3400B0B9D6 /* FABStackView.swift */,
				1CBD800229B9105700B0B9D6 /* FABMainButton.swift */,
				1CBD7FFD29B90FA200B0B9D6 /* FABButtonView.swift */,
				1CBD7FFF29B90FBD00B0B9D6 /* FABInsetLabel.swift */,
			);
			path = "Floating Action Button";
			sourceTree = "<group>";
		};
		1CBD800C29B93A7000B0B9D6 /* HelperViews */ = {
			isa = PBXGroup;
			children = (
				1CBD800829B939FB00B0B9D6 /* SnackbarView.swift */,
				1CBD800A29B93A6C00B0B9D6 /* ActionButton.swift */,
			);
			path = HelperViews;
			sourceTree = "<group>";
		};
/* End PBXGroup section */

/* Begin PBXNativeTarget section */
		1CBD7FE129B9092200B0B9D6 /* FloatActionButtonApp */ = {
			isa = PBXNativeTarget;
			buildConfigurationList = 1CBD7FF629B9092500B0B9D6 /* Build configuration list for PBXNativeTarget "FloatActionButtonApp" */;
			buildPhases = (
				1CBD7FDE29B9092200B0B9D6 /* Sources */,
				1CBD7FDF29B9092200B0B9D6 /* Frameworks */,
				1CBD7FE029B9092200B0B9D6 /* Resources */,
			);
			buildRules = (
			);
			dependencies = (
			);
			name = FloatActionButtonApp;
			productName = FloatActionButtonApp;
			productReference = 1CBD7FE229B9092200B0B9D6 /* FloatActionButtonApp.app */;
			productType = "com.apple.product-type.application";
		};
/* End PBXNativeTarget section */

/* Begin PBXProject section */
		1CBD7FDA29B9092200B0B9D6 /* Project object */ = {
			isa = PBXProject;
			attributes = {
				BuildIndependentTargetsInParallel = 1;
				LastSwiftUpdateCheck = 1420;
				LastUpgradeCheck = 1420;
				TargetAttributes = {
					1CBD7FE129B9092200B0B9D6 = {
						CreatedOnToolsVersion = 14.2;
					};
				};
			};
			buildConfigurationList = 1CBD7FDD29B9092200B0B9D6 /* Build configuration list for PBXProject "FloatActionButtonApp" */;
			compatibilityVersion = "Xcode 14.0";
			developmentRegion = en;
			hasScannedForEncodings = 0;
			knownRegions = (
				en,
				Base,
			);
			mainGroup = 1CBD7FD929B9092200B0B9D6;
			productRefGroup = 1CBD7FE329B9092200B0B9D6 /* Products */;
			projectDirPath = "";
			projectRoot = "";
			targets = (
				1CBD7FE129B9092200B0B9D6 /* FloatActionButtonApp */,
			);
		};
/* End PBXProject section */

/* Begin PBXResourcesBuildPhase section */
		1CBD7FE029B9092200B0B9D6 /* Resources */ = {
			isa = PBXResourcesBuildPhase;
			buildActionMask = 2147483647;
			files = (
				1CBD7FEF29B9092500B0B9D6 /* Assets.xcassets in Resources */,
			);
			runOnlyForDeploymentPostprocessing = 0;
		};
/* End PBXResourcesBuildPhase section */

/* Begin PBXSourcesBuildPhase section */
		1CBD7FDE29B9092200B0B9D6 /* Sources */ = {
			isa = PBXSourcesBuildPhase;
			buildActionMask = 2147483647;
			files = (
				1CBD800329B9105700B0B9D6 /* FABMainButton.swift in Sources */,
				1CBD800029B90FBD00B0B9D6 /* FABInsetLabel.swift in Sources */,
				1CBD7FFA29B90CC500B0B9D6 /* FABView.swift in Sources */,
				1CBD800929B939FB00B0B9D6 /* SnackbarView.swift in Sources */,
				1CBD7FEA29B9092200B0B9D6 /* MainViewController.swift in Sources */,
				1CBD7FFC29B90F3400B0B9D6 /* FABStackView.swift in Sources */,
				1CBD7FE629B9092200B0B9D6 /* AppDelegate.swift in Sources */,
				1CBD800529B910B700B0B9D6 /* UIView+ext.swift in Sources */,
				1CBD7FFE29B90FA200B0B9D6 /* FABButtonView.swift in Sources */,
				1CBD800729B939D400B0B9D6 /* UIViewController+ext.swift in Sources */,
				1CBD7FE829B9092200B0B9D6 /* SceneDelegate.swift in Sources */,
				1CBD800B29B93A6C00B0B9D6 /* ActionButton.swift in Sources */,
			);
			runOnlyForDeploymentPostprocessing = 0;
		};
/* End PBXSourcesBuildPhase section */

/* Begin XCBuildConfiguration section */
		1CBD7FF429B9092500B0B9D6 /* Debug */ = {
			isa = XCBuildConfiguration;
			buildSettings = {
				ALWAYS_SEARCH_USER_PATHS = NO;
				CLANG_ANALYZER_NONNULL = YES;
				CLANG_ANALYZER_NUMBER_OBJECT_CONVERSION = YES_AGGRESSIVE;
				CLANG_CXX_LANGUAGE_STANDARD = "gnu++20";
				CLANG_ENABLE_MODULES = YES;
				CLANG_ENABLE_OBJC_ARC = YES;
				CLANG_ENABLE_OBJC_WEAK = YES;
				CLANG_WARN_BLOCK_CAPTURE_AUTORELEASING = YES;
				CLANG_WARN_BOOL_CONVERSION = YES;
				CLANG_WARN_COMMA = YES;
				CLANG_WARN_CONSTANT_CONVERSION = YES;
				CLANG_WARN_DEPRECATED_OBJC_IMPLEMENTATIONS = YES;
				CLANG_WARN_DIRECT_OBJC_ISA_USAGE = YES_ERROR;
				CLANG_WARN_DOCUMENTATION_COMMENTS = YES;
				CLANG_WARN_EMPTY_BODY = YES;
				CLANG_WARN_ENUM_CONVERSION = YES;
				CLANG_WARN_INFINITE_RECURSION = YES;
				CLANG_WARN_INT_CONVERSION = YES;
				CLANG_WARN_NON_LITERAL_NULL_CONVERSION = YES;
				CLANG_WARN_OBJC_IMPLICIT_RETAIN_SELF = YES;
				CLANG_WARN_OBJC_LITERAL_CONVERSION = YES;
				CLANG_WARN_OBJC_ROOT_CLASS = YES_ERROR;
				CLANG_WARN_QUOTED_INCLUDE_IN_FRAMEWORK_HEADER = YES;
				CLANG_WARN_RANGE_LOOP_ANALYSIS = YES;
				CLANG_WARN_STRICT_PROTOTYPES = YES;
				CLANG_WARN_SUSPICIOUS_MOVE = YES;
				CLANG_WARN_UNGUARDED_AVAILABILITY = YES_AGGRESSIVE;
				CLANG_WARN_UNREACHABLE_CODE = YES;
				CLANG_WARN__DUPLICATE_METHOD_MATCH = YES;
				COPY_PHASE_STRIP = NO;
				DEBUG_INFORMATION_FORMAT = dwarf;
				ENABLE_STRICT_OBJC_MSGSEND = YES;
				ENABLE_TESTABILITY = YES;
				GCC_C_LANGUAGE_STANDARD = gnu11;
				GCC_DYNAMIC_NO_PIC = NO;
				GCC_NO_COMMON_BLOCKS = YES;
				GCC_OPTIMIZATION_LEVEL = 0;
				GCC_PREPROCESSOR_DEFINITIONS = (
					"DEBUG=1",
					"$(inherited)",
				);
				GCC_WARN_64_TO_32_BIT_CONVERSION = YES;
				GCC_WARN_ABOUT_RETURN_TYPE = YES_ERROR;
				GCC_WARN_UNDECLARED_SELECTOR = YES;
				GCC_WARN_UNINITIALIZED_AUTOS = YES_AGGRESSIVE;
				GCC_WARN_UNUSED_FUNCTION = YES;
				GCC_WARN_UNUSED_VARIABLE = YES;
				IPHONEOS_DEPLOYMENT_TARGET = 16.0;
				MTL_ENABLE_DEBUG_INFO = INCLUDE_SOURCE;
				MTL_FAST_MATH = YES;
				ONLY_ACTIVE_ARCH = YES;
				SDKROOT = iphoneos;
				SWIFT_ACTIVE_COMPILATION_CONDITIONS = DEBUG;
				SWIFT_OPTIMIZATION_LEVEL = "-Onone";
			};
			name = Debug;
		};
		1CBD7FF529B9092500B0B9D6 /* Release */ = {
			isa = XCBuildConfiguration;
			buildSettings = {
				ALWAYS_SEARCH_USER_PATHS = NO;
				CLANG_ANALYZER_NONNULL = YES;
				CLANG_ANALYZER_NUMBER_OBJECT_CONVERSION = YES_AGGRESSIVE;
				CLANG_CXX_LANGUAGE_STANDARD = "gnu++20";
				CLANG_ENABLE_MODULES = YES;
				CLANG_ENABLE_OBJC_ARC = YES;
				CLANG_ENABLE_OBJC_WEAK = YES;
				CLANG_WARN_BLOCK_CAPTURE_AUTORELEASING = YES;
				CLANG_WARN_BOOL_CONVERSION = YES;
				CLANG_WARN_COMMA = YES;
				CLANG_WARN_CONSTANT_CONVERSION = YES;
				CLANG_WARN_DEPRECATED_OBJC_IMPLEMENTATIONS = YES;
				CLANG_WARN_DIRECT_OBJC_ISA_USAGE = YES_ERROR;
				CLANG_WARN_DOCUMENTATION_COMMENTS = YES;
				CLANG_WARN_EMPTY_BODY = YES;
				CLANG_WARN_ENUM_CONVERSION = YES;
				CLANG_WARN_INFINITE_RECURSION = YES;
				CLANG_WARN_INT_CONVERSION = YES;
				CLANG_WARN_NON_LITERAL_NULL_CONVERSION = YES;
				CLANG_WARN_OBJC_IMPLICIT_RETAIN_SELF = YES;
				CLANG_WARN_OBJC_LITERAL_CONVERSION = YES;
				CLANG_WARN_OBJC_ROOT_CLASS = YES_ERROR;
				CLANG_WARN_QUOTED_INCLUDE_IN_FRAMEWORK_HEADER = YES;
				CLANG_WARN_RANGE_LOOP_ANALYSIS = YES;
				CLANG_WARN_STRICT_PROTOTYPES = YES;
				CLANG_WARN_SUSPICIOUS_MOVE = YES;
				CLANG_WARN_UNGUARDED_AVAILABILITY = YES_AGGRESSIVE;
				CLANG_WARN_UNREACHABLE_CODE = YES;
				CLANG_WARN__DUPLICATE_METHOD_MATCH = YES;
				COPY_PHASE_STRIP = NO;
				DEBUG_INFORMATION_FORMAT = "dwarf-with-dsym";
				ENABLE_NS_ASSERTIONS = NO;
				ENABLE_STRICT_OBJC_MSGSEND = YES;
				GCC_C_LANGUAGE_STANDARD = gnu11;
				GCC_NO_COMMON_BLOCKS = YES;
				GCC_WARN_64_TO_32_BIT_CONVERSION = YES;
				GCC_WARN_ABOUT_RETURN_TYPE = YES_ERROR;
				GCC_WARN_UNDECLARED_SELECTOR = YES;
				GCC_WARN_UNINITIALIZED_AUTOS = YES_AGGRESSIVE;
				GCC_WARN_UNUSED_FUNCTION = YES;
				GCC_WARN_UNUSED_VARIABLE = YES;
				IPHONEOS_DEPLOYMENT_TARGET = 16.0;
				MTL_ENABLE_DEBUG_INFO = NO;
				MTL_FAST_MATH = YES;
				SDKROOT = iphoneos;
				SWIFT_COMPILATION_MODE = wholemodule;
				SWIFT_OPTIMIZATION_LEVEL = "-O";
				VALIDATE_PRODUCT = YES;
			};
			name = Release;
		};
		1CBD7FF729B9092500B0B9D6 /* Debug */ = {
			isa = XCBuildConfiguration;
			buildSettings = {
				ASSETCATALOG_COMPILER_APPICON_NAME = AppIcon;
				ASSETCATALOG_COMPILER_GLOBAL_ACCENT_COLOR_NAME = AccentColor;
				CODE_SIGN_STYLE = Automatic;
				CURRENT_PROJECT_VERSION = 1;
				DEVELOPMENT_TEAM = 663DYMD95T;
				GENERATE_INFOPLIST_FILE = YES;
				INFOPLIST_FILE = FloatActionButtonApp/Info.plist;
				INFOPLIST_KEY_UIApplicationSupportsIndirectInputEvents = YES;
				INFOPLIST_KEY_UILaunchStoryboardName = "";
				INFOPLIST_KEY_UISupportedInterfaceOrientations = UIInterfaceOrientationPortrait;
				INFOPLIST_KEY_UISupportedInterfaceOrientations_iPad = "UIInterfaceOrientationLandscapeLeft UIInterfaceOrientationLandscapeRight UIInterfaceOrientationPortrait UIInterfaceOrientationPortraitUpsideDown";
				IPHONEOS_DEPLOYMENT_TARGET = 16.0;
				LD_RUNPATH_SEARCH_PATHS = (
					"$(inherited)",
					"@executable_path/Frameworks",
				);
				MARKETING_VERSION = 1.0;
				PRODUCT_BUNDLE_IDENTIFIER = myOrg.FloatActionButtonApp;
				PRODUCT_NAME = "$(TARGET_NAME)";
				SWIFT_EMIT_LOC_STRINGS = YES;
				SWIFT_VERSION = 5.0;
				TARGETED_DEVICE_FAMILY = "1,2";
			};
			name = Debug;
		};
		1CBD7FF829B9092500B0B9D6 /* Release */ = {
			isa = XCBuildConfiguration;
			buildSettings = {
				ASSETCATALOG_COMPILER_APPICON_NAME = AppIcon;
				ASSETCATALOG_COMPILER_GLOBAL_ACCENT_COLOR_NAME = AccentColor;
				CODE_SIGN_STYLE = Automatic;
				CURRENT_PROJECT_VERSION = 1;
				DEVELOPMENT_TEAM = 663DYMD95T;
				GENERATE_INFOPLIST_FILE = YES;
				INFOPLIST_FILE = FloatActionButtonApp/Info.plist;
				INFOPLIST_KEY_UIApplicationSupportsIndirectInputEvents = YES;
				INFOPLIST_KEY_UILaunchStoryboardName = "";
				INFOPLIST_KEY_UISupportedInterfaceOrientations = UIInterfaceOrientationPortrait;
				INFOPLIST_KEY_UISupportedInterfaceOrientations_iPad = "UIInterfaceOrientationLandscapeLeft UIInterfaceOrientationLandscapeRight UIInterfaceOrientationPortrait UIInterfaceOrientationPortraitUpsideDown";
				IPHONEOS_DEPLOYMENT_TARGET = 16.0;
				LD_RUNPATH_SEARCH_PATHS = (
					"$(inherited)",
					"@executable_path/Frameworks",
				);
				MARKETING_VERSION = 1.0;
				PRODUCT_BUNDLE_IDENTIFIER = myOrg.FloatActionButtonApp;
				PRODUCT_NAME = "$(TARGET_NAME)";
				SWIFT_EMIT_LOC_STRINGS = YES;
				SWIFT_VERSION = 5.0;
				TARGETED_DEVICE_FAMILY = "1,2";
			};
			name = Release;
		};
/* End XCBuildConfiguration section */

/* Begin XCConfigurationList section */
		1CBD7FDD29B9092200B0B9D6 /* Build configuration list for PBXProject "FloatActionButtonApp" */ = {
			isa = XCConfigurationList;
			buildConfigurations = (
				1CBD7FF429B9092500B0B9D6 /* Debug */,
				1CBD7FF529B9092500B0B9D6 /* Release */,
			);
			defaultConfigurationIsVisible = 0;
			defaultConfigurationName = Release;
		};
		1CBD7FF629B9092500B0B9D6 /* Build configuration list for PBXNativeTarget "FloatActionButtonApp" */ = {
			isa = XCConfigurationList;
			buildConfigurations = (
				1CBD7FF729B9092500B0B9D6 /* Debug */,
				1CBD7FF829B9092500B0B9D6 /* Release */,
			);
			defaultConfigurationIsVisible = 0;
			defaultConfigurationName = Release;
		};
/* End XCConfigurationList section */
	};
	rootObject = 1CBD7FDA29B9092200B0B9D6 /* Project object */;
}
